PODS:
  - SuperAwesome (7.2.17):
    - SuperAwesome/Full (= 7.2.17)
  - SuperAwesome/Base (7.2.17)
  - SuperAwesome/Full (7.2.17):
    - SuperAwesome/Base
    - SuperAwesome/Moat
  - SuperAwesome/Moat (7.2.17):
    - SuperAwesome/Base

DEPENDENCIES:
  - SuperAwesome

SPEC REPOS:
  trunk:
    - SuperAwesome

SPEC CHECKSUMS:
  SuperAwesome: 77baeb43a49a72cba723429d1bd19d54c4f154c7

PODFILE CHECKSUM: 0869647a04e4b2072fa39276c8308e9df3ca7218

COCOAPODS: 1.10.0
